// !$*UTF8*$!
{
	archiveVersion = 1;
	classes = {
	};
	objectVersion = 46;
	objects = {

/* Begin PBXBuildFile section */
		9444073C19EC4C8B00846A9E /* AppDelegate.swift in Sources */ = {isa = PBXBuildFile; fileRef = 9444073B19EC4C8B00846A9E /* AppDelegate.swift */; };
		9444073F19EC4C8B00846A9E /* AllergeezDataInput.xcdatamodeld in Sources */ = {isa = PBXBuildFile; fileRef = 9444073D19EC4C8B00846A9E /* AllergeezDataInput.xcdatamodeld */; };
		9444074119EC4C8B00846A9E /* ViewController.swift in Sources */ = {isa = PBXBuildFile; fileRef = 9444074019EC4C8B00846A9E /* ViewController.swift */; };
		9444074419EC4C8B00846A9E /* Main.storyboard in Resources */ = {isa = PBXBuildFile; fileRef = 9444074219EC4C8B00846A9E /* Main.storyboard */; };
		9444074619EC4C8B00846A9E /* Images.xcassets in Resources */ = {isa = PBXBuildFile; fileRef = 9444074519EC4C8B00846A9E /* Images.xcassets */; };
		9444074919EC4C8B00846A9E /* LaunchScreen.xib in Resources */ = {isa = PBXBuildFile; fileRef = 9444074719EC4C8B00846A9E /* LaunchScreen.xib */; };
		9444075519EC4C8B00846A9E /* AllergeezDataInputTests.swift in Sources */ = {isa = PBXBuildFile; fileRef = 9444075419EC4C8B00846A9E /* AllergeezDataInputTests.swift */; };
		9444076119EC6F5E00846A9E /* FoodsTableViewController.swift in Sources */ = {isa = PBXBuildFile; fileRef = 9444076019EC6F5E00846A9E /* FoodsTableViewController.swift */; };
		9444076319EC799800846A9E /* Foods.swift in Sources */ = {isa = PBXBuildFile; fileRef = 9444076219EC799800846A9E /* Foods.swift */; };
/* End PBXBuildFile section */

/* Begin PBXContainerItemProxy section */
		9444074F19EC4C8B00846A9E /* PBXContainerItemProxy */ = {
			isa = PBXContainerItemProxy;
			containerPortal = 9444072E19EC4C8B00846A9E /* Project object */;
			proxyType = 1;
			remoteGlobalIDString = 9444073519EC4C8B00846A9E;
			remoteInfo = AllergeezDataInput;
		};
/* End PBXContainerItemProxy section */

/* Begin PBXFileReference section */
		9444073619EC4C8B00846A9E /* AllergeezDataInput.app */ = {isa = PBXFileReference; explicitFileType = wrapper.application; includeInIndex = 0; path = AllergeezDataInput.app; sourceTree = BUILT_PRODUCTS_DIR; };
		9444073A19EC4C8B00846A9E /* Info.plist */ = {isa = PBXFileReference; lastKnownFileType = text.plist.xml; path = Info.plist; sourceTree = "<group>"; };
		9444073B19EC4C8B00846A9E /* AppDelegate.swift */ = {isa = PBXFileReference; lastKnownFileType = sourcecode.swift; path = AppDelegate.swift; sourceTree = "<group>"; };
		9444073E19EC4C8B00846A9E /* AllergeezDataInput.xcdatamodel */ = {isa = PBXFileReference; lastKnownFileType = wrapper.xcdatamodel; path = AllergeezDataInput.xcdatamodel; sourceTree = "<group>"; };
		9444074019EC4C8B00846A9E /* ViewController.swift */ = {isa = PBXFileReference; lastKnownFileType = sourcecode.swift; path = ViewController.swift; sourceTree = "<group>"; };
		9444074319EC4C8B00846A9E /* Base */ = {isa = PBXFileReference; lastKnownFileType = file.storyboard; name = Base; path = Base.lproj/Main.storyboard; sourceTree = "<group>"; };
		9444074519EC4C8B00846A9E /* Images.xcassets */ = {isa = PBXFileReference; lastKnownFileType = folder.assetcatalog; path = Images.xcassets; sourceTree = "<group>"; };
		9444074819EC4C8B00846A9E /* Base */ = {isa = PBXFileReference; lastKnownFileType = file.xib; name = Base; path = Base.lproj/LaunchScreen.xib; sourceTree = "<group>"; };
		9444074E19EC4C8B00846A9E /* AllergeezDataInputTests.xctest */ = {isa = PBXFileReference; explicitFileType = wrapper.cfbundle; includeInIndex = 0; path = AllergeezDataInputTests.xctest; sourceTree = BUILT_PRODUCTS_DIR; };
		9444075319EC4C8B00846A9E /* Info.plist */ = {isa = PBXFileReference; lastKnownFileType = text.plist.xml; path = Info.plist; sourceTree = "<group>"; };
		9444075419EC4C8B00846A9E /* AllergeezDataInputTests.swift */ = {isa = PBXFileReference; lastKnownFileType = sourcecode.swift; path = AllergeezDataInputTests.swift; sourceTree = "<group>"; };
		9444076019EC6F5E00846A9E /* FoodsTableViewController.swift */ = {isa = PBXFileReference; fileEncoding = 4; lastKnownFileType = sourcecode.swift; name = FoodsTableViewController.swift; path = ../FoodsTableViewController.swift; sourceTree = "<group>"; };
		9444076219EC799800846A9E /* Foods.swift */ = {isa = PBXFileReference; fileEncoding = 4; lastKnownFileType = sourcecode.swift; path = Foods.swift; sourceTree = "<group>"; };
/* End PBXFileReference section */

/* Begin PBXFrameworksBuildPhase section */
		9444073319EC4C8B00846A9E /* Frameworks */ = {
			isa = PBXFrameworksBuildPhase;
			buildActionMask = 2147483647;
			files = (
			);
			runOnlyForDeploymentPostprocessing = 0;
		};
		9444074B19EC4C8B00846A9E /* Frameworks */ = {
			isa = PBXFrameworksBuildPhase;
			buildActionMask = 2147483647;
			files = (
			);
			runOnlyForDeploymentPostprocessing = 0;
		};
/* End PBXFrameworksBuildPhase section */

/* Begin PBXGroup section */
		9444072D19EC4C8B00846A9E = {
			isa = PBXGroup;
			children = (
				9444073819EC4C8B00846A9E /* AllergeezDataInput */,
				9444075119EC4C8B00846A9E /* AllergeezDataInputTests */,
				9444073719EC4C8B00846A9E /* Products */,
			);
			sourceTree = "<group>";
		};
		9444073719EC4C8B00846A9E /* Products */ = {
			isa = PBXGroup;
			children = (
				9444073619EC4C8B00846A9E /* AllergeezDataInput.app */,
				9444074E19EC4C8B00846A9E /* AllergeezDataInputTests.xctest */,
			);
			name = Products;
			sourceTree = "<group>";
		};
		9444073819EC4C8B00846A9E /* AllergeezDataInput */ = {
			isa = PBXGroup;
			children = (
				9444073B19EC4C8B00846A9E /* AppDelegate.swift */,
				9444074019EC4C8B00846A9E /* ViewController.swift */,
				9444076019EC6F5E00846A9E /* FoodsTableViewController.swift */,
				9444076219EC799800846A9E /* Foods.swift */,
				9444074219EC4C8B00846A9E /* Main.storyboard */,
				9444074519EC4C8B00846A9E /* Images.xcassets */,
				9444074719EC4C8B00846A9E /* LaunchScreen.xib */,
				9444073D19EC4C8B00846A9E /* AllergeezDataInput.xcdatamodeld */,
				9444073919EC4C8B00846A9E /* Supporting Files */,
			);
			path = AllergeezDataInput;
			sourceTree = "<group>";
		};
		9444073919EC4C8B00846A9E /* Supporting Files */ = {
			isa = PBXGroup;
			children = (
				9444073A19EC4C8B00846A9E /* Info.plist */,
			);
			name = "Supporting Files";
			sourceTree = "<group>";
		};
		9444075119EC4C8B00846A9E /* AllergeezDataInputTests */ = {
			isa = PBXGroup;
			children = (
				9444075419EC4C8B00846A9E /* AllergeezDataInputTests.swift */,
				9444075219EC4C8B00846A9E /* Supporting Files */,
			);
			path = AllergeezDataInputTests;
			sourceTree = "<group>";
		};
		9444075219EC4C8B00846A9E /* Supporting Files */ = {
			isa = PBXGroup;
			children = (
				9444075319EC4C8B00846A9E /* Info.plist */,
			);
			name = "Supporting Files";
			sourceTree = "<group>";
		};
/* End PBXGroup section */

/* Begin PBXNativeTarget section */
		9444073519EC4C8B00846A9E /* AllergeezDataInput */ = {
			isa = PBXNativeTarget;
			buildConfigurationList = 9444075819EC4C8B00846A9E /* Build configuration list for PBXNativeTarget "AllergeezDataInput" */;
			buildPhases = (
				9444073219EC4C8B00846A9E /* Sources */,
				9444073319EC4C8B00846A9E /* Frameworks */,
				9444073419EC4C8B00846A9E /* Resources */,
			);
			buildRules = (
			);
			dependencies = (
			);
			name = AllergeezDataInput;
			productName = AllergeezDataInput;
			productReference = 9444073619EC4C8B00846A9E /* AllergeezDataInput.app */;
			productType = "com.apple.product-type.application";
		};
		9444074D19EC4C8B00846A9E /* AllergeezDataInputTests */ = {
			isa = PBXNativeTarget;
			buildConfigurationList = 9444075B19EC4C8B00846A9E /* Build configuration list for PBXNativeTarget "AllergeezDataInputTests" */;
			buildPhases = (
				9444074A19EC4C8B00846A9E /* Sources */,
				9444074B19EC4C8B00846A9E /* Frameworks */,
				9444074C19EC4C8B00846A9E /* Resources */,
			);
			buildRules = (
			);
			dependencies = (
				9444075019EC4C8B00846A9E /* PBXTargetDependency */,
			);
			name = AllergeezDataInputTests;
			productName = AllergeezDataInputTests;
			productReference = 9444074E19EC4C8B00846A9E /* AllergeezDataInputTests.xctest */;
			productType = "com.apple.product-type.bundle.unit-test";
		};
/* End PBXNativeTarget section */

/* Begin PBXProject section */
		9444072E19EC4C8B00846A9E /* Project object */ = {
			isa = PBXProject;
			attributes = {
				LastUpgradeCheck = 0600;
				ORGANIZATIONNAME = Mumush;
				TargetAttributes = {
					9444073519EC4C8B00846A9E = {
						CreatedOnToolsVersion = 6.1;
					};
					9444074D19EC4C8B00846A9E = {
						CreatedOnToolsVersion = 6.1;
						TestTargetID = 9444073519EC4C8B00846A9E;
					};
				};
			};
			buildConfigurationList = 9444073119EC4C8B00846A9E /* Build configuration list for PBXProject "AllergeezDataInput" */;
			compatibilityVersion = "Xcode 3.2";
			developmentRegion = English;
			hasScannedForEncodings = 0;
			knownRegions = (
				en,
				Base,
			);
			mainGroup = 9444072D19EC4C8B00846A9E;
			productRefGroup = 9444073719EC4C8B00846A9E /* Products */;
			projectDirPath = "";
			projectRoot = "";
			targets = (
				9444073519EC4C8B00846A9E /* AllergeezDataInput */,
				9444074D19EC4C8B00846A9E /* AllergeezDataInputTests */,
			);
		};
/* End PBXProject section */

/* Begin PBXResourcesBuildPhase section */
		9444073419EC4C8B00846A9E /* Resources */ = {
			isa = PBXResourcesBuildPhase;
			buildActionMask = 2147483647;
			files = (
				9444074419EC4C8B00846A9E /* Main.storyboard in Resources */,
				9444074919EC4C8B00846A9E /* LaunchScreen.xib in Resources */,
				9444074619EC4C8B00846A9E /* Images.xcassets in Resources */,
			);
			runOnlyForDeploymentPostprocessing = 0;
		};
		9444074C19EC4C8B00846A9E /* Resources */ = {
			isa = PBXResourcesBuildPhase;
			buildActionMask = 2147483647;
			files = (
			);
			runOnlyForDeploymentPostprocessing = 0;
		};
/* End PBXResourcesBuildPhase section */

/* Begin PBXSourcesBuildPhase section */
		9444073219EC4C8B00846A9E /* Sources */ = {
			isa = PBXSourcesBuildPhase;
			buildActionMask = 2147483647;
			files = (
				9444076319EC799800846A9E /* Foods.swift in Sources */,
				9444074119EC4C8B00846A9E /* ViewController.swift in Sources */,
				9444073F19EC4C8B00846A9E /* AllergeezDataInput.xcdatamodeld in Sources */,
				9444073C19EC4C8B00846A9E /* AppDelegate.swift in Sources */,
				9444076119EC6F5E00846A9E /* FoodsTableViewController.swift in Sources */,
			);
			runOnlyForDeploymentPostprocessing = 0;
		};
		9444074A19EC4C8B00846A9E /* Sources */ = {
			isa = PBXSourcesBuildPhase;
			buildActionMask = 2147483647;
			files = (
				9444075519EC4C8B00846A9E /* AllergeezDataInputTests.swift in Sources */,
			);
			runOnlyForDeploymentPostprocessing = 0;
		};
/* End PBXSourcesBuildPhase section */

/* Begin PBXTargetDependency section */
		9444075019EC4C8B00846A9E /* PBXTargetDependency */ = {
			isa = PBXTargetDependency;
			target = 9444073519EC4C8B00846A9E /* AllergeezDataInput */;
			targetProxy = 9444074F19EC4C8B00846A9E /* PBXContainerItemProxy */;
		};
/* End PBXTargetDependency section */

/* Begin PBXVariantGroup section */
		9444074219EC4C8B00846A9E /* Main.storyboard */ = {
			isa = PBXVariantGroup;
			children = (
				9444074319EC4C8B00846A9E /* Base */,
			);
			name = Main.storyboard;
			sourceTree = "<group>";
		};
		9444074719EC4C8B00846A9E /* LaunchScreen.xib */ = {
			isa = PBXVariantGroup;
			children = (
				9444074819EC4C8B00846A9E /* Base */,
			);
			name = LaunchScreen.xib;
			sourceTree = "<group>";
		};
/* End PBXVariantGroup section */

/* Begin XCBuildConfiguration section */
		9444075619EC4C8B00846A9E /* Debug */ = {
			isa = XCBuildConfiguration;
			buildSettings = {
				ALWAYS_SEARCH_USER_PATHS = NO;
				CLANG_CXX_LANGUAGE_STANDARD = "gnu++0x";
				CLANG_CXX_LIBRARY = "libc++";
				CLANG_ENABLE_MODULES = YES;
				CLANG_ENABLE_OBJC_ARC = YES;
				CLANG_WARN_BOOL_CONVERSION = YES;
				CLANG_WARN_CONSTANT_CONVERSION = YES;
				CLANG_WARN_DIRECT_OBJC_ISA_USAGE = YES_ERROR;
				CLANG_WARN_EMPTY_BODY = YES;
				CLANG_WARN_ENUM_CONVERSION = YES;
				CLANG_WARN_INT_CONVERSION = YES;
				CLANG_WARN_OBJC_ROOT_CLASS = YES_ERROR;
				CLANG_WARN_UNREACHABLE_CODE = YES;
				CLANG_WARN__DUPLICATE_METHOD_MATCH = YES;
				"CODE_SIGN_IDENTITY[sdk=iphoneos*]" = "iPhone Developer";
				COPY_PHASE_STRIP = NO;
				ENABLE_STRICT_OBJC_MSGSEND = YES;
				GCC_C_LANGUAGE_STANDARD = gnu99;
				GCC_DYNAMIC_NO_PIC = NO;
				GCC_OPTIMIZATION_LEVEL = 0;
				GCC_PREPROCESSOR_DEFINITIONS = (
					"DEBUG=1",
					"$(inherited)",
				);
				GCC_SYMBOLS_PRIVATE_EXTERN = NO;
				GCC_WARN_64_TO_32_BIT_CONVERSION = YES;
				GCC_WARN_ABOUT_RETURN_TYPE = YES_ERROR;
				GCC_WARN_UNDECLARED_SELECTOR = YES;
				GCC_WARN_UNINITIALIZED_AUTOS = YES_AGGRESSIVE;
				GCC_WARN_UNUSED_FUNCTION = YES;
				GCC_WARN_UNUSED_VARIABLE = YES;
				IPHONEOS_DEPLOYMENT_TARGET = 8.0;
				MTL_ENABLE_DEBUG_INFO = YES;
				ONLY_ACTIVE_ARCH = YES;
				SDKROOT = iphoneos;
				SWIFT_OPTIMIZATION_LEVEL = "-Onone";
			};
			name = Debug;
		};
		9444075719EC4C8B00846A9E /* Release */ = {
			isa = XCBuildConfiguration;
			buildSettings = {
				ALWAYS_SEARCH_USER_PATHS = NO;
				CLANG_CXX_LANGUAGE_STANDARD = "gnu++0x";
				CLANG_CXX_LIBRARY = "libc++";
				CLANG_ENABLE_MODULES = YES;
				CLANG_ENABLE_OBJC_ARC = YES;
				CLANG_WARN_BOOL_CONVERSION = YES;
				CLANG_WARN_CONSTANT_CONVERSION = YES;
				CLANG_WARN_DIRECT_OBJC_ISA_USAGE = YES_ERROR;
				CLANG_WARN_EMPTY_BODY = YES;
				CLANG_WARN_ENUM_CONVERSION = YES;
				CLANG_WARN_INT_CONVERSION = YES;
				CLANG_WARN_OBJC_ROOT_CLASS = YES_ERROR;
				CLANG_WARN_UNREACHABLE_CODE = YES;
				CLANG_WARN__DUPLICATE_METHOD_MATCH = YES;
				"CODE_SIGN_IDENTITY[sdk=iphoneos*]" = "iPhone Developer";
				COPY_PHASE_STRIP = YES;
				ENABLE_NS_ASSERTIONS = NO;
				ENABLE_STRICT_OBJC_MSGSEND = YES;
				GCC_C_LANGUAGE_STANDARD = gnu99;
				GCC_WARN_64_TO_32_BIT_CONVERSION = YES;
				GCC_WARN_ABOUT_RETURN_TYPE = YES_ERROR;
				GCC_WARN_UNDECLARED_SELECTOR = YES;
				GCC_WARN_UNINITIALIZED_AUTOS = YES_AGGRESSIVE;
				GCC_WARN_UNUSED_FUNCTION = YES;
				GCC_WARN_UNUSED_VARIABLE = YES;
				IPHONEOS_DEPLOYMENT_TARGET = 8.0;
				MTL_ENABLE_DEBUG_INFO = NO;
				SDKROOT = iphoneos;
				VALIDATE_PRODUCT = YES;
			};
			name = Release;
		};
		9444075919EC4C8B00846A9E /* Debug */ = {
			isa = XCBuildConfiguration;
			buildSettings = {
				ASSETCATALOG_COMPILER_APPICON_NAME = AppIcon;
				INFOPLIST_FILE = AllergeezDataInput/Info.plist;
				LD_RUNPATH_SEARCH_PATHS = "$(inherited) @executable_path/Frameworks";
				PRODUCT_NAME = "$(TARGET_NAME)";
			};
			name = Debug;
		};
		9444075A19EC4C8B00846A9E /* Release */ = {
			isa = XCBuildConfiguration;
			buildSettings = {
				ASSETCATALOG_COMPILER_APPICON_NAME = AppIcon;
				INFOPLIST_FILE = AllergeezDataInput/Info.plist;
				LD_RUNPATH_SEARCH_PATHS = "$(inherited) @executable_path/Frameworks";
				PRODUCT_NAME = "$(TARGET_NAME)";
			};
			name = Release;
		};
		9444075C19EC4C8B00846A9E /* Debug */ = {
			isa = XCBuildConfiguration;
			buildSettings = {
				BUNDLE_LOADER = "$(TEST_HOST)";
				FRAMEWORK_SEARCH_PATHS = (
					"$(SDKROOT)/Developer/Library/Frameworks",
					"$(inherited)",
				);
				GCC_PREPROCESSOR_DEFINITIONS = (
					"DEBUG=1",
					"$(inherited)",
				);
				INFOPLIST_FILE = AllergeezDataInputTests/Info.plist;
				LD_RUNPATH_SEARCH_PATHS = "$(inherited) @executable_path/Frameworks @loader_path/Frameworks";
				PRODUCT_NAME = "$(TARGET_NAME)";
				TEST_HOST = "$(BUILT_PRODUCTS_DIR)/AllergeezDataInput.app/AllergeezDataInput";
			};
			name = Debug;
		};
		9444075D19EC4C8B00846A9E /* Release */ = {
			isa = XCBuildConfiguration;
			buildSettings = {
				BUNDLE_LOADER = "$(TEST_HOST)";
				FRAMEWORK_SEARCH_PATHS = (
					"$(SDKROOT)/Developer/Library/Frameworks",
					"$(inherited)",
				);
				INFOPLIST_FILE = AllergeezDataInputTests/Info.plist;
				LD_RUNPATH_SEARCH_PATHS = "$(inherited) @executable_path/Frameworks @loader_path/Frameworks";
				PRODUCT_NAME = "$(TARGET_NAME)";
				TEST_HOST = "$(BUILT_PRODUCTS_DIR)/AllergeezDataInput.app/AllergeezDataInput";
			};
			name = Release;
		};
/* End XCBuildConfiguration section */

/* Begin XCConfigurationList section */
		9444073119EC4C8B00846A9E /* Build configuration list for PBXProject "AllergeezDataInput" */ = {
			isa = XCConfigurationList;
			buildConfigurations = (
				9444075619EC4C8B00846A9E /* Debug */,
				9444075719EC4C8B00846A9E /* Release */,
			);
			defaultConfigurationIsVisible = 0;
			defaultConfigurationName = Release;
		};
		9444075819EC4C8B00846A9E /* Build configuration list for PBXNativeTarget "AllergeezDataInput" */ = {
			isa = XCConfigurationList;
			buildConfigurations = (
				9444075919EC4C8B00846A9E /* Debug */,
				9444075A19EC4C8B00846A9E /* Release */,
			);
			defaultConfigurationIsVisible = 0;
			defaultConfigurationName = Release;
		};
		9444075B19EC4C8B00846A9E /* Build configuration list for PBXNativeTarget "AllergeezDataInputTests" */ = {
			isa = XCConfigurationList;
			buildConfigurations = (
				9444075C19EC4C8B00846A9E /* Debug */,
				9444075D19EC4C8B00846A9E /* Release */,
			);
			defaultConfigurationIsVisible = 0;
			defaultConfigurationName = Release;
		};
/* End XCConfigurationList section */

/* Begin XCVersionGroup section */
		9444073D19EC4C8B00846A9E /* AllergeezDataInput.xcdatamodeld */ = {
			isa = XCVersionGroup;
			children = (
				9444073E19EC4C8B00846A9E /* AllergeezDataInput.xcdatamodel */,
			);
			currentVersion = 9444073E19EC4C8B00846A9E /* AllergeezDataInput.xcdatamodel */;
			path = AllergeezDataInput.xcdatamodeld;
			sourceTree = "<group>";
			versionGroupType = wrapper.xcdatamodel;
		};
/* End XCVersionGroup section */
	};
	rootObject = 9444072E19EC4C8B00846A9E /* Project object */;
}
